Microsoft Visual Studio Solution File, Format Version 11.00
# Visual Studio 2008

Project("{39C15F41-1AAD-86F7-9891-0F224F3864B1}") = "ScaryUnity", "Assembly-CSharp-firstpass-vs.csproj", "{BB51BC29-D62D-36BF-9C05-528FB2721B0B}"
EndProject
Project("{39C15F41-1AAD-86F7-9891-0F224F3864B1}") = "ScaryUnity", "Assembly-CSharp-vs.csproj", "{C40AAE78-5677-894D-A35B-C67488968767}"
EndProject
Project("{39C15F41-1AAD-86F7-9891-0F224F3864B1}") = "ScaryUnity", "Assembly-CSharp-Editor-vs.csproj", "{6895628C-846C-A279-ECC1-32208AD5E128}"
EndProject
Global
	GlobalSection(SolutionConfigurationPlatforms) = preSolution
		Debug|Any CPU = Debug|Any CPU
		Release|Any CPU = Release|Any CPU
	EndGlobalSection
	GlobalSection(ProjectConfigurationPlatforms) = postSolution
		{BB51BC29-D62D-36BF-9C05-528FB2721B0B}.Debug|Any CPU.ActiveCfg = Debug|Any CPU
		{BB51BC29-D62D-36BF-9C05-528FB2721B0B}.Debug|Any CPU.Build.0 = Debug|Any CPU
		{BB51BC29-D62D-36BF-9C05-528FB2721B0B}.Release|Any CPU.ActiveCfg = Release|Any CPU
		{BB51BC29-D62D-36BF-9C05-528FB2721B0B}.Release|Any CPU.Build.0 = Release|Any CPU
		{C40AAE78-5677-894D-A35B-C67488968767}.Debug|Any CPU.ActiveCfg = Debug|Any CPU
		{C40AAE78-5677-894D-A35B-C67488968767}.Debug|Any CPU.Build.0 = Debug|Any CPU
		{C40AAE78-5677-894D-A35B-C67488968767}.Release|Any CPU.ActiveCfg = Release|Any CPU
		{C40AAE78-5677-894D-A35B-C67488968767}.Release|Any CPU.Build.0 = Release|Any CPU
		{6895628C-846C-A279-ECC1-32208AD5E128}.Debug|Any CPU.ActiveCfg = Debug|Any CPU
		{6895628C-846C-A279-ECC1-32208AD5E128}.Debug|Any CPU.Build.0 = Debug|Any CPU
		{6895628C-846C-A279-ECC1-32208AD5E128}.Release|Any CPU.ActiveCfg = Release|Any CPU
		{6895628C-846C-A279-ECC1-32208AD5E128}.Release|Any CPU.Build.0 = Release|Any CPU
	EndGlobalSection
	GlobalSection(SolutionProperties) = preSolution
		HideSolutionNode = FALSE
	EndGlobalSection
															GlobalSection(MonoDevelopProperties) = preSolution
		StartupItem = Assembly-CSharp.csproj
		Policies = $0
		$0.TextStylePolicy = $1
		$1.inheritsSet = null
		$1.scope = text/x-csharp
		$0.CSharpFormattingPolicy = $2
		$2.inheritsSet = Mono
		$2.inheritsScope = text/x-csharp
		$2.scope = text/x-csharp
		$0.TextStylePolicy = $3
		$3.FileWidth = 120
		$3.TabWidth = 4
		$3.IndentWidth = 4
		$3.EolMarker = Unix
		$3.inheritsSet = Mono
		$3.inheritsScope = text/plain
		$3.scope = text/plain
	EndGlobalSection

EndGlobal
